<?xml version="1.0" encoding="utf-8"?>
<Project ToolsVersion="4.0" xmlns="http://schemas.microsoft.com/developer/msbuild/2003">
  <ItemGroup>
    <Filter Include="소스 파일">
      <UniqueIdentifier>{4FC737F1-C7A5-4376-A066-2A32D752A2FF}</UniqueIdentifier>
      <Extensions>cpp;c;cc;cxx;c++;cppm;ixx;def;odl;idl;hpj;bat;asm;asmx</Extensions>
    </Filter>
    <Filter Include="헤더 파일">
      <UniqueIdentifier>{93995380-89BD-4b04-88EB-625FBE52EBFB}</UniqueIdentifier>
      <Extensions>h;hh;hpp;hxx;h++;hm;inl;inc;ipp;xsd</Extensions>
    </Filter>
    <Filter Include="리소스 파일">
      <UniqueIdentifier>{67DA6AB6-F800-4c08-8B7A-83BB121AAD01}</UniqueIdentifier>
      <Extensions>rc;ico;cur;bmp;dlg;rc2;rct;bin;rgs;gif;jpg;jpeg;jpe;resx;tiff;tif;png;wav;mfcribbon-ms</Extensions>
    </Filter>
    <Filter Include="소스 파일\renderer">
      <UniqueIdentifier>{b4d46c15-87c8-4069-9cbe-9cc6a4dbb615}</UniqueIdentifier>
    </Filter>
    <Filter Include="소스 파일\tool">
      <UniqueIdentifier>{976bba44-461f-487a-abc6-44d443dbf5bc}</UniqueIdentifier>
    </Filter>
    <Filter Include="소스 파일\mAP_calculation">
      <UniqueIdentifier>{989e4043-c85c-444b-bfe0-9dd6e7f1a9b3}</UniqueIdentifier>
    </Filter>
    <Filter Include="GUI">
      <UniqueIdentifier>{46f2bad5-b74d-4d2e-ac89-2b14ac2344c8}</UniqueIdentifier>
    </Filter>
    <Filter Include="GUIBackEnd">
      <UniqueIdentifier>{3444a4cd-1250-4143-ab7e-d76524774ad2}</UniqueIdentifier>
    </Filter>
    <Filter Include="소스 파일\renderer\Windows">
      <UniqueIdentifier>{73fb59fa-11cf-4e6e-bc7b-bc08b182d1b9}</UniqueIdentifier>
    </Filter>
    <Filter Include="소스 파일\renderer\WindowObserver">
      <UniqueIdentifier>{a3e2bbb1-528b-49b2-9662-f001f539159c}</UniqueIdentifier>
    </Filter>
  </ItemGroup>
  <ItemGroup>
    <ClCompile Include="main.cpp">
      <Filter>소스 파일</Filter>
    </ClCompile>
    <ClCompile Include="tool\Tool.cpp">
      <Filter>소스 파일\tool</Filter>
    </ClCompile>
    <ClCompile Include="renderer\Renderer.cpp">
      <Filter>소스 파일\renderer</Filter>
    </ClCompile>
    <ClCompile Include="mAP_calculation\DefaultMapCalculation.cpp">
      <Filter>소스 파일\mAP_calculation</Filter>
    </ClCompile>
    <ClCompile Include="mAP_calculation\MapCalculation.cpp">
      <Filter>소스 파일\mAP_calculation</Filter>
    </ClCompile>
    <ClCompile Include="renderer\mAPUiRenderer.cpp">
      <Filter>소스 파일\renderer</Filter>
    </ClCompile>
    <ClCompile Include="imgui\imgui.cpp">
      <Filter>GUI</Filter>
    </ClCompile>
    <ClCompile Include="imgui\imgui_demo.cpp">
      <Filter>GUI</Filter>
    </ClCompile>
    <ClCompile Include="imgui\imgui_draw.cpp">
      <Filter>GUI</Filter>
    </ClCompile>
    <ClCompile Include="imgui\imgui_tables.cpp">
      <Filter>GUI</Filter>
    </ClCompile>
    <ClCompile Include="imgui\imgui_widgets.cpp">
      <Filter>GUI</Filter>
    </ClCompile>
    <ClCompile Include="..\backends\imgui_impl_win32.cpp">
      <Filter>GUIBackEnd</Filter>
    </ClCompile>
    <ClCompile Include="..\backends\imgui_impl_opengl3.cpp">
      <Filter>GUIBackEnd</Filter>
    </ClCompile>
    <ClCompile Include="Window.cpp">
      <Filter>소스 파일\renderer\Windows</Filter>
    </ClCompile>
    <ClCompile Include="ImageListWindow.cpp">
      <Filter>소스 파일\renderer\Windows</Filter>
    </ClCompile>
    <ClCompile Include="AttributeWindow.cpp">
      <Filter>소스 파일\renderer\Windows</Filter>
    </ClCompile>
    <ClCompile Include="ButtonWindow.cpp">
      <Filter>소스 파일\renderer\Windows</Filter>
    </ClCompile>
    <ClCompile Include="CategoriesWindow.cpp">
      <Filter>소스 파일\renderer\Windows</Filter>
    </ClCompile>
    <ClCompile Include="ImageWindow.cpp">
      <Filter>소스 파일\renderer\Windows</Filter>
    </ClCompile>
    <ClCompile Include="WindowObserver.cpp">
      <Filter>소스 파일\renderer\WindowObserver</Filter>
    </ClCompile>
    <ClCompile Include="Observer.cpp">
      <Filter>소스 파일\renderer\WindowObserver</Filter>
    </ClCompile>
  </ItemGroup>
  <ItemGroup>
    <ClInclude Include="header.h">
      <Filter>헤더 파일</Filter>
    </ClInclude>
    <ClInclude Include="tool\Tool.h">
      <Filter>소스 파일\tool</Filter>
    </ClInclude>
    <ClInclude Include="renderer\Renderer.h">
      <Filter>소스 파일\renderer</Filter>
    </ClInclude>
    <ClInclude Include="mAP_calculation\DefaultMapCalculation.h">
      <Filter>소스 파일\mAP_calculation</Filter>
    </ClInclude>
    <ClInclude Include="mAP_calculation\MapCalculation.h">
      <Filter>소스 파일\mAP_calculation</Filter>
    </ClInclude>
    <ClInclude Include="renderer\mAPUiRenderer.h">
      <Filter>소스 파일\renderer</Filter>
    </ClInclude>
    <ClInclude Include="imgui\imconfig.h">
      <Filter>GUI</Filter>
    </ClInclude>
    <ClInclude Include="imgui\imgui.h">
      <Filter>GUI</Filter>
    </ClInclude>
    <ClInclude Include="imgui\imgui_internal.h">
      <Filter>GUI</Filter>
    </ClInclude>
    <ClInclude Include="imgui\imstb_rectpack.h">
      <Filter>GUI</Filter>
    </ClInclude>
    <ClInclude Include="imgui\imstb_textedit.h">
      <Filter>GUI</Filter>
    </ClInclude>
    <ClInclude Include="imgui\imstb_truetype.h">
      <Filter>GUI</Filter>
    </ClInclude>
    <ClInclude Include="..\backends\imgui_impl_win32.h">
      <Filter>GUIBackEnd</Filter>
    </ClInclude>
    <ClInclude Include="..\backends\imgui_impl_opengl3.h">
      <Filter>GUIBackEnd</Filter>
    </ClInclude>
    <ClInclude Include="Window.h">
      <Filter>소스 파일\renderer\Windows</Filter>
    </ClInclude>
    <ClInclude Include="ImguiDefine.h">
      <Filter>헤더 파일</Filter>
    </ClInclude>
    <ClInclude Include="imgui\stb_image.h">
      <Filter>GUI</Filter>
    </ClInclude>
    <ClInclude Include="ImageListWindow.h">
      <Filter>소스 파일\renderer\Windows</Filter>
    </ClInclude>
    <ClInclude Include="AttributeWindow.h">
      <Filter>소스 파일\renderer\Windows</Filter>
    </ClInclude>
    <ClInclude Include="ButtonWindow.h">
      <Filter>소스 파일\renderer\Windows</Filter>
    </ClInclude>
    <ClInclude Include="CategoriesWindow.h">
      <Filter>소스 파일\renderer\Windows</Filter>
    </ClInclude>
    <ClInclude Include="ImageWindow.h">
      <Filter>소스 파일\renderer\Windows</Filter>
    </ClInclude>
    <ClInclude Include="Event.h">
      <Filter>소스 파일\renderer</Filter>
    </ClInclude>
    <ClInclude Include="WindowObserver.h">
      <Filter>소스 파일\renderer\WindowObserver</Filter>
    </ClInclude>
    <ClInclude Include="Observer.h">
      <Filter>소스 파일\renderer\WindowObserver</Filter>
    </ClInclude>
  </ItemGroup>
</Project>